
Microsoft Visual Studio Solution File, Format Version 12.00
# Visual Studio Version 17
VisualStudioVersion = 17.9.34723.18
MinimumVisualStudioVersion = 10.0.40219.1
Project("{FAE04EC0-301F-11D3-BF4B-00C04F79EFBC}") = "OopsStudy2", "OopsStudy2\OopsStudy2.csproj", "{C41002C4-675B-46C7-9157-B4AC57AA5055}"
EndProject
Project("{9A19103F-16F7-4668-BE54-9A1E7A4F7556}") = "OopsStudy", "OopsStudy\OopsStudy.csproj", "{6647AEB7-2F66-4FB6-A797-4031AADEDBED}"
EndProject
Global
	GlobalSection(SolutionConfigurationPlatforms) = preSolution
		Debug|Any CPU = Debug|Any CPU
		Release|Any CPU = Release|Any CPU
	EndGlobalSection
	GlobalSection(ProjectConfigurationPlatforms) = postSolution
		{C41002C4-675B-46C7-9157-B4AC57AA5055}.Debug|Any CPU.ActiveCfg = Debug|Any CPU
		{C41002C4-675B-46C7-9157-B4AC57AA5055}.Debug|Any CPU.Build.0 = Debug|Any CPU
		{C41002C4-675B-46C7-9157-B4AC57AA5055}.Release|Any CPU.ActiveCfg = Release|Any CPU
		{C41002C4-675B-46C7-9157-B4AC57AA5055}.Release|Any CPU.Build.0 = Release|Any CPU
		{6647AEB7-2F66-4FB6-A797-4031AADEDBED}.Debug|Any CPU.ActiveCfg = Debug|Any CPU
		{6647AEB7-2F66-4FB6-A797-4031AADEDBED}.Debug|Any CPU.Build.0 = Debug|Any CPU
		{6647AEB7-2F66-4FB6-A797-4031AADEDBED}.Release|Any CPU.ActiveCfg = Release|Any CPU
		{6647AEB7-2F66-4FB6-A797-4031AADEDBED}.Release|Any CPU.Build.0 = Release|Any CPU
	EndGlobalSection
	GlobalSection(SolutionProperties) = preSolution
		HideSolutionNode = FALSE
	EndGlobalSection
	GlobalSection(ExtensibilityGlobals) = postSolution
		SolutionGuid = {62E17F3F-8B21-4EF8-BC02-DD54CE59A075}
	EndGlobalSection
EndGlobal
