
Microsoft Visual Studio Solution File, Format Version 12.00
# Visual Studio Version 17
VisualStudioVersion = 17.9.34723.18
MinimumVisualStudioVersion = 10.0.40219.1
Project("{FAE04EC0-301F-11D3-BF4B-00C04F79EFBC}") = "GovProject", "GovProject\GovProject.csproj", "{3FADDC10-E390-49FB-9286-F8AF162AF1F6}"
EndProject
Project("{FAE04EC0-301F-11D3-BF4B-00C04F79EFBC}") = "GovProjectLibrays", "GovProjectLibrays\GovProjectLibrays.csproj", "{56A9C489-9EFF-49C5-B557-4A5F905497B2}"
EndProject
Global
	GlobalSection(SolutionConfigurationPlatforms) = preSolution
		Debug|Any CPU = Debug|Any CPU
		Release|Any CPU = Release|Any CPU
	EndGlobalSection
	GlobalSection(ProjectConfigurationPlatforms) = postSolution
		{3FADDC10-E390-49FB-9286-F8AF162AF1F6}.Debug|Any CPU.ActiveCfg = Debug|Any CPU
		{3FADDC10-E390-49FB-9286-F8AF162AF1F6}.Debug|Any CPU.Build.0 = Debug|Any CPU
		{3FADDC10-E390-49FB-9286-F8AF162AF1F6}.Release|Any CPU.ActiveCfg = Release|Any CPU
		{3FADDC10-E390-49FB-9286-F8AF162AF1F6}.Release|Any CPU.Build.0 = Release|Any CPU
		{56A9C489-9EFF-49C5-B557-4A5F905497B2}.Debug|Any CPU.ActiveCfg = Debug|Any CPU
		{56A9C489-9EFF-49C5-B557-4A5F905497B2}.Debug|Any CPU.Build.0 = Debug|Any CPU
		{56A9C489-9EFF-49C5-B557-4A5F905497B2}.Release|Any CPU.ActiveCfg = Release|Any CPU
		{56A9C489-9EFF-49C5-B557-4A5F905497B2}.Release|Any CPU.Build.0 = Release|Any CPU
	EndGlobalSection
	GlobalSection(SolutionProperties) = preSolution
		HideSolutionNode = FALSE
	EndGlobalSection
	GlobalSection(ExtensibilityGlobals) = postSolution
		SolutionGuid = {1CBFEDEF-769D-4DA5-908D-358EBAA6A950}
	EndGlobalSection
EndGlobal
