
Microsoft Visual Studio Solution File, Format Version 12.00
# Visual Studio Version 17
VisualStudioVersion = 17.9.34723.18
MinimumVisualStudioVersion = 10.0.40219.1
Project("{9A19103F-16F7-4668-BE54-9A1E7A4F7556}") = "Pizza_Store_App", "Pizza_Store_App\Pizza_Store_App.csproj", "{86D89406-33BA-427D-B65F-89248CA99653}"
EndProject
Project("{FAE04EC0-301F-11D3-BF4B-00C04F79EFBC}") = "Model", "Model\Model.csproj", "{62CBA167-8F40-42CB-A372-23E1F371E4D5}"
EndProject
Project("{FAE04EC0-301F-11D3-BF4B-00C04F79EFBC}") = "DataAccessLib", "DataAccessLib\DataAccessLib.csproj", "{747B7DDD-A866-4D00-AC9D-5FD27C96E7DF}"
EndProject
Project("{FAE04EC0-301F-11D3-BF4B-00C04F79EFBC}") = "BusinessLogins", "Business_Logins\BusinessLogins.csproj", "{978F0313-4FE5-425E-89B1-F06836ACC162}"
EndProject
Global
	GlobalSection(SolutionConfigurationPlatforms) = preSolution
		Debug|Any CPU = Debug|Any CPU
		Release|Any CPU = Release|Any CPU
	EndGlobalSection
	GlobalSection(ProjectConfigurationPlatforms) = postSolution
		{86D89406-33BA-427D-B65F-89248CA99653}.Debug|Any CPU.ActiveCfg = Debug|Any CPU
		{86D89406-33BA-427D-B65F-89248CA99653}.Debug|Any CPU.Build.0 = Debug|Any CPU
		{86D89406-33BA-427D-B65F-89248CA99653}.Release|Any CPU.ActiveCfg = Release|Any CPU
		{86D89406-33BA-427D-B65F-89248CA99653}.Release|Any CPU.Build.0 = Release|Any CPU
		{62CBA167-8F40-42CB-A372-23E1F371E4D5}.Debug|Any CPU.ActiveCfg = Debug|Any CPU
		{62CBA167-8F40-42CB-A372-23E1F371E4D5}.Debug|Any CPU.Build.0 = Debug|Any CPU
		{62CBA167-8F40-42CB-A372-23E1F371E4D5}.Release|Any CPU.ActiveCfg = Release|Any CPU
		{62CBA167-8F40-42CB-A372-23E1F371E4D5}.Release|Any CPU.Build.0 = Release|Any CPU
		{747B7DDD-A866-4D00-AC9D-5FD27C96E7DF}.Debug|Any CPU.ActiveCfg = Debug|Any CPU
		{747B7DDD-A866-4D00-AC9D-5FD27C96E7DF}.Debug|Any CPU.Build.0 = Debug|Any CPU
		{747B7DDD-A866-4D00-AC9D-5FD27C96E7DF}.Release|Any CPU.ActiveCfg = Release|Any CPU
		{747B7DDD-A866-4D00-AC9D-5FD27C96E7DF}.Release|Any CPU.Build.0 = Release|Any CPU
		{978F0313-4FE5-425E-89B1-F06836ACC162}.Debug|Any CPU.ActiveCfg = Debug|Any CPU
		{978F0313-4FE5-425E-89B1-F06836ACC162}.Debug|Any CPU.Build.0 = Debug|Any CPU
		{978F0313-4FE5-425E-89B1-F06836ACC162}.Release|Any CPU.ActiveCfg = Release|Any CPU
		{978F0313-4FE5-425E-89B1-F06836ACC162}.Release|Any CPU.Build.0 = Release|Any CPU
	EndGlobalSection
	GlobalSection(SolutionProperties) = preSolution
		HideSolutionNode = FALSE
	EndGlobalSection
	GlobalSection(ExtensibilityGlobals) = postSolution
		SolutionGuid = {D4C8AF31-B36B-4234-AA2B-F1F98AFB8564}
	EndGlobalSection
EndGlobal
