
Microsoft Visual Studio Solution File, Format Version 12.00
# Visual Studio Version 17
VisualStudioVersion = 17.9.34723.18
MinimumVisualStudioVersion = 10.0.40219.1
Project("{FAE04EC0-301F-11D3-BF4B-00C04F79EFBC}") = "LeetCode", "LeetCode\LeetCode.csproj", "{5F8E899B-1F93-4479-B39A-C70A42507241}"
EndProject
Global
	GlobalSection(SolutionConfigurationPlatforms) = preSolution
		Debug|Any CPU = Debug|Any CPU
		Release|Any CPU = Release|Any CPU
	EndGlobalSection
	GlobalSection(ProjectConfigurationPlatforms) = postSolution
		{5F8E899B-1F93-4479-B39A-C70A42507241}.Debug|Any CPU.ActiveCfg = Debug|Any CPU
		{5F8E899B-1F93-4479-B39A-C70A42507241}.Debug|Any CPU.Build.0 = Debug|Any CPU
		{5F8E899B-1F93-4479-B39A-C70A42507241}.Release|Any CPU.ActiveCfg = Release|Any CPU
		{5F8E899B-1F93-4479-B39A-C70A42507241}.Release|Any CPU.Build.0 = Release|Any CPU
	EndGlobalSection
	GlobalSection(SolutionProperties) = preSolution
		HideSolutionNode = FALSE
	EndGlobalSection
	GlobalSection(ExtensibilityGlobals) = postSolution
		SolutionGuid = {5F4970FB-9563-4120-AB92-6B91855381FA}
	EndGlobalSection
EndGlobal
