
Microsoft Visual Studio Solution File, Format Version 12.00
# Visual Studio Version 17
VisualStudioVersion = 17.9.34723.18
MinimumVisualStudioVersion = 10.0.40219.1
Project("{FAE04EC0-301F-11D3-BF4B-00C04F79EFBC}") = "AdvanceLINQ", "AdvanceLINQ\AdvanceLINQ.csproj", "{CCDFDBC0-7C31-4F2F-A570-17C3685E3520}"
EndProject
Global
	GlobalSection(SolutionConfigurationPlatforms) = preSolution
		Debug|Any CPU = Debug|Any CPU
		Release|Any CPU = Release|Any CPU
	EndGlobalSection
	GlobalSection(ProjectConfigurationPlatforms) = postSolution
		{CCDFDBC0-7C31-4F2F-A570-17C3685E3520}.Debug|Any CPU.ActiveCfg = Debug|Any CPU
		{CCDFDBC0-7C31-4F2F-A570-17C3685E3520}.Debug|Any CPU.Build.0 = Debug|Any CPU
		{CCDFDBC0-7C31-4F2F-A570-17C3685E3520}.Release|Any CPU.ActiveCfg = Release|Any CPU
		{CCDFDBC0-7C31-4F2F-A570-17C3685E3520}.Release|Any CPU.Build.0 = Release|Any CPU
	EndGlobalSection
	GlobalSection(SolutionProperties) = preSolution
		HideSolutionNode = FALSE
	EndGlobalSection
	GlobalSection(ExtensibilityGlobals) = postSolution
		SolutionGuid = {1CFE2263-409C-407D-8E5A-E543FB76443E}
	EndGlobalSection
EndGlobal
